{
  "version": 4,
  "terraform_version": "1.7.5",
  "serial": 2,
  "lineage": "cb4a56d0-0a7f-3c8c-1324-e927c78b1bc9",
  "outputs": {
    "md5": {
      "value": "ffc3bdbe994edd5413fd98099baa4edb",
      "type": "string"
    }
  },
  "resources": [
    {
      "mode": "managed",
      "type": "local_file",
      "name": "foo",
      "provider": "provider[\"registry.terraform.io/hashicorp/local\"]",
      "instances": [
        {
          "schema_version": 0,
          "attributes": {
            "content": "Este archivo fue creado por $(var.nombre)",
            "content_base64": null,
            "content_base64sha256": "aTfDWdy71Iz9sqo/zhjhP7O0oInbCnT6Rs4Zk7/Ooko=",
            "content_base64sha512": "sNxIYWffWS1SvWX0JvEq1iQ2UMCtrwxjPGcm6u+byOoTxeRkgY5t2WPWPoJWabEt1ZmlcYkaOK6FpJezYE2nQw==",
            "content_md5": "ffc3bdbe994edd5413fd98099baa4edb",
            "content_sha1": "a449259281124d2991f25932c4fb52594c763a3e",
            "content_sha256": "6937c359dcbbd48cfdb2aa3fce18e13fb3b4a089db0a74fa46ce1993bfcea24a",
            "content_sha512": "b0dc486167df592d52bd65f426f12ad6243650c0adaf0c633c6726eaef9bc8ea13c5e464818e6dd963d63e825669b12dd599a571891a38ae85a497b3604da743",
            "directory_permission": "0777",
            "file_permission": "0777",
            "filename": "prueba.txt",
            "id": "a449259281124d2991f25932c4fb52594c763a3e",
            "sensitive_content": null,
            "source": null
          },
          "sensitive_attributes": []
        }
      ]
    }
  ],
  "check_results": null
}
